// !$*UTF8*$!
{
	archiveVersion = 1;
	classes = {
	};
	objectVersion = 50;
	objects = {

/* Begin PBXBuildFile section */
		69ECF1AA2534DC9300C7C834 /* Mosquito_RepellentApp.swift in Sources */ = {isa = PBXBuildFile; fileRef = 69ECF1A92534DC9300C7C834 /* Mosquito_RepellentApp.swift */; };
		69ECF1AC2534DC9300C7C834 /* ContentView.swift in Sources */ = {isa = PBXBuildFile; fileRef = 69ECF1AB2534DC9300C7C834 /* ContentView.swift */; };
		69ECF1AE2534DC9800C7C834 /* Assets.xcassets in Resources */ = {isa = PBXBuildFile; fileRef = 69ECF1AD2534DC9800C7C834 /* Assets.xcassets */; };
		69ECF1B12534DC9800C7C834 /* Preview Assets.xcassets in Resources */ = {isa = PBXBuildFile; fileRef = 69ECF1B02534DC9800C7C834 /* Preview Assets.xcassets */; };
/* End PBXBuildFile section */

/* Begin PBXFileReference section */
		69ECF1A62534DC9300C7C834 /* Mosquito Repellent.app */ = {isa = PBXFileReference; explicitFileType = wrapper.application; includeInIndex = 0; path = "Mosquito Repellent.app"; sourceTree = BUILT_PRODUCTS_DIR; };
		69ECF1A92534DC9300C7C834 /* Mosquito_RepellentApp.swift */ = {isa = PBXFileReference; lastKnownFileType = sourcecode.swift; path = Mosquito_RepellentApp.swift; sourceTree = "<group>"; };
		69ECF1AB2534DC9300C7C834 /* ContentView.swift */ = {isa = PBXFileReference; lastKnownFileType = sourcecode.swift; path = ContentView.swift; sourceTree = "<group>"; };
		69ECF1AD2534DC9800C7C834 /* Assets.xcassets */ = {isa = PBXFileReference; lastKnownFileType = folder.assetcatalog; path = Assets.xcassets; sourceTree = "<group>"; };
		69ECF1B02534DC9800C7C834 /* Preview Assets.xcassets */ = {isa = PBXFileReference; lastKnownFileType = folder.assetcatalog; path = "Preview Assets.xcassets"; sourceTree = "<group>"; };
		69ECF1B22534DC9900C7C834 /* Info.plist */ = {isa = PBXFileReference; lastKnownFileType = text.plist.xml; path = Info.plist; sourceTree = "<group>"; };
/* End PBXFileReference section */

/* Begin PBXFrameworksBuildPhase section */
		69ECF1A32534DC9300C7C834 /* Frameworks */ = {
			isa = PBXFrameworksBuildPhase;
			buildActionMask = 2147483647;
			files = (
			);
			runOnlyForDeploymentPostprocessing = 0;
		};
/* End PBXFrameworksBuildPhase section */

/* Begin PBXGroup section */
		69ECF19D2534DC9300C7C834 = {
			isa = PBXGroup;
			children = (
				69ECF1A82534DC9300C7C834 /* Mosquito Repellent */,
				69ECF1A72534DC9300C7C834 /* Products */,
			);
			sourceTree = "<group>";
		};
		69ECF1A72534DC9300C7C834 /* Products */ = {
			isa = PBXGroup;
			children = (
				69ECF1A62534DC9300C7C834 /* Mosquito Repellent.app */,
			);
			name = Products;
			sourceTree = "<group>";
		};
		69ECF1A82534DC9300C7C834 /* Mosquito Repellent */ = {
			isa = PBXGroup;
			children = (
				69ECF1A92534DC9300C7C834 /* Mosquito_RepellentApp.swift */,
				69ECF1AB2534DC9300C7C834 /* ContentView.swift */,
				69ECF1AD2534DC9800C7C834 /* Assets.xcassets */,
				69ECF1B22534DC9900C7C834 /* Info.plist */,
				69ECF1AF2534DC9800C7C834 /* Preview Content */,
			);
			path = "Mosquito Repellent";
			sourceTree = "<group>";
		};
		69ECF1AF2534DC9800C7C834 /* Preview Content */ = {
			isa = PBXGroup;
			children = (
				69ECF1B02534DC9800C7C834 /* Preview Assets.xcassets */,
			);
			path = "Preview Content";
			sourceTree = "<group>";
		};
/* End PBXGroup section */

/* Begin PBXNativeTarget section */
		69ECF1A52534DC9300C7C834 /* Mosquito Repellent */ = {
			isa = PBXNativeTarget;
			buildConfigurationList = 69ECF1B52534DC9900C7C834 /* Build configuration list for PBXNativeTarget "Mosquito Repellent" */;
			buildPhases = (
				69ECF1A22534DC9300C7C834 /* Sources */,
				69ECF1A32534DC9300C7C834 /* Frameworks */,
				69ECF1A42534DC9300C7C834 /* Resources */,
			);
			buildRules = (
			);
			dependencies = (
			);
			name = "Mosquito Repellent";
			productName = "Mosquito Repellent";
			productReference = 69ECF1A62534DC9300C7C834 /* Mosquito Repellent.app */;
			productType = "com.apple.product-type.application";
		};
/* End PBXNativeTarget section */

/* Begin PBXProject section */
		69ECF19E2534DC9300C7C834 /* Project object */ = {
			isa = PBXProject;
			attributes = {
				LastSwiftUpdateCheck = 1220;
				LastUpgradeCheck = 1220;
				TargetAttributes = {
					69ECF1A52534DC9300C7C834 = {
						CreatedOnToolsVersion = 12.2;
					};
				};
			};
			buildConfigurationList = 69ECF1A12534DC9300C7C834 /* Build configuration list for PBXProject "Mosquito Repellent" */;
			compatibilityVersion = "Xcode 9.3";
			developmentRegion = en;
			hasScannedForEncodings = 0;
			knownRegions = (
				en,
				Base,
			);
			mainGroup = 69ECF19D2534DC9300C7C834;
			productRefGroup = 69ECF1A72534DC9300C7C834 /* Products */;
			projectDirPath = "";
			projectRoot = "";
			targets = (
				69ECF1A52534DC9300C7C834 /* Mosquito Repellent */,
			);
		};
/* End PBXProject section */

/* Begin PBXResourcesBuildPhase section */
		69ECF1A42534DC9300C7C834 /* Resources */ = {
			isa = PBXResourcesBuildPhase;
			buildActionMask = 2147483647;
			files = (
				69ECF1B12534DC9800C7C834 /* Preview Assets.xcassets in Resources */,
				69ECF1AE2534DC9800C7C834 /* Assets.xcassets in Resources */,
			);
			runOnlyForDeploymentPostprocessing = 0;
		};
/* End PBXResourcesBuildPhase section */

/* Begin PBXSourcesBuildPhase section */
		69ECF1A22534DC9300C7C834 /* Sources */ = {
			isa = PBXSourcesBuildPhase;
			buildActionMask = 2147483647;
			files = (
				69ECF1AC2534DC9300C7C834 /* ContentView.swift in Sources */,
				69ECF1AA2534DC9300C7C834 /* Mosquito_RepellentApp.swift in Sources */,
			);
			runOnlyForDeploymentPostprocessing = 0;
		};
/* End PBXSourcesBuildPhase section */

/* Begin XCBuildConfiguration section */
		69ECF1B32534DC9900C7C834 /* Debug */ = {
			isa = XCBuildConfiguration;
			buildSettings = {
				ALWAYS_SEARCH_USER_PATHS = NO;
				CLANG_ANALYZER_NONNULL = YES;
				CLANG_ANALYZER_NUMBER_OBJECT_CONVERSION = YES_AGGRESSIVE;
				CLANG_CXX_LANGUAGE_STANDARD = "gnu++14";
				CLANG_CXX_LIBRARY = "libc++";
				CLANG_ENABLE_MODULES = YES;
				CLANG_ENABLE_OBJC_ARC = YES;
				CLANG_ENABLE_OBJC_WEAK = YES;
				CLANG_WARN_BLOCK_CAPTURE_AUTORELEASING = YES;
				CLANG_WARN_BOOL_CONVERSION = YES;
				CLANG_WARN_COMMA = YES;
				CLANG_WARN_CONSTANT_CONVERSION = YES;
				CLANG_WARN_DEPRECATED_OBJC_IMPLEMENTATIONS = YES;
				CLANG_WARN_DIRECT_OBJC_ISA_USAGE = YES_ERROR;
				CLANG_WARN_DOCUMENTATION_COMMENTS = YES;
				CLANG_WARN_EMPTY_BODY = YES;
				CLANG_WARN_ENUM_CONVERSION = YES;
				CLANG_WARN_INFINITE_RECURSION = YES;
				CLANG_WARN_INT_CONVERSION = YES;
				CLANG_WARN_NON_LITERAL_NULL_CONVERSION = YES;
				CLANG_WARN_OBJC_IMPLICIT_RETAIN_SELF = YES;
				CLANG_WARN_OBJC_LITERAL_CONVERSION = YES;
				CLANG_WARN_OBJC_ROOT_CLASS = YES_ERROR;
				CLANG_WARN_QUOTED_INCLUDE_IN_FRAMEWORK_HEADER = YES;
				CLANG_WARN_RANGE_LOOP_ANALYSIS = YES;
				CLANG_WARN_STRICT_PROTOTYPES = YES;
				CLANG_WARN_SUSPICIOUS_MOVE = YES;
				CLANG_WARN_UNGUARDED_AVAILABILITY = YES_AGGRESSIVE;
				CLANG_WARN_UNREACHABLE_CODE = YES;
				CLANG_WARN__DUPLICATE_METHOD_MATCH = YES;
				COPY_PHASE_STRIP = NO;
				DEBUG_INFORMATION_FORMAT = dwarf;
				ENABLE_STRICT_OBJC_MSGSEND = YES;
				ENABLE_TESTABILITY = YES;
				GCC_C_LANGUAGE_STANDARD = gnu11;
				GCC_DYNAMIC_NO_PIC = NO;
				GCC_NO_COMMON_BLOCKS = YES;
				GCC_OPTIMIZATION_LEVEL = 0;
				GCC_PREPROCESSOR_DEFINITIONS = (
					"DEBUG=1",
					"$(inherited)",
				);
				GCC_WARN_64_TO_32_BIT_CONVERSION = YES;
				GCC_WARN_ABOUT_RETURN_TYPE = YES_ERROR;
				GCC_WARN_UNDECLARED_SELECTOR = YES;
				GCC_WARN_UNINITIALIZED_AUTOS = YES_AGGRESSIVE;
				GCC_WARN_UNUSED_FUNCTION = YES;
				GCC_WARN_UNUSED_VARIABLE = YES;
				IPHONEOS_DEPLOYMENT_TARGET = 14.2;
				MTL_ENABLE_DEBUG_INFO = INCLUDE_SOURCE;
				MTL_FAST_MATH = YES;
				ONLY_ACTIVE_ARCH = YES;
				SDKROOT = iphoneos;
				SWIFT_ACTIVE_COMPILATION_CONDITIONS = DEBUG;
				SWIFT_OPTIMIZATION_LEVEL = "-Onone";
			};
			name = Debug;
		};
		69ECF1B42534DC9900C7C834 /* Release */ = {
			isa = XCBuildConfiguration;
			buildSettings = {
				ALWAYS_SEARCH_USER_PATHS = NO;
				CLANG_ANALYZER_NONNULL = YES;
				CLANG_ANALYZER_NUMBER_OBJECT_CONVERSION = YES_AGGRESSIVE;
				CLANG_CXX_LANGUAGE_STANDARD = "gnu++14";
				CLANG_CXX_LIBRARY = "libc++";
				CLANG_ENABLE_MODULES = YES;
				CLANG_ENABLE_OBJC_ARC = YES;
				CLANG_ENABLE_OBJC_WEAK = YES;
				CLANG_WARN_BLOCK_CAPTURE_AUTORELEASING = YES;
				CLANG_WARN_BOOL_CONVERSION = YES;
				CLANG_WARN_COMMA = YES;
				CLANG_WARN_CONSTANT_CONVERSION = YES;
				CLANG_WARN_DEPRECATED_OBJC_IMPLEMENTATIONS = YES;
				CLANG_WARN_DIRECT_OBJC_ISA_USAGE = YES_ERROR;
				CLANG_WARN_DOCUMENTATION_COMMENTS = YES;
				CLANG_WARN_EMPTY_BODY = YES;
				CLANG_WARN_ENUM_CONVERSION = YES;
				CLANG_WARN_INFINITE_RECURSION = YES;
				CLANG_WARN_INT_CONVERSION = YES;
				CLANG_WARN_NON_LITERAL_NULL_CONVERSION = YES;
				CLANG_WARN_OBJC_IMPLICIT_RETAIN_SELF = YES;
				CLANG_WARN_OBJC_LITERAL_CONVERSION = YES;
				CLANG_WARN_OBJC_ROOT_CLASS = YES_ERROR;
				CLANG_WARN_QUOTED_INCLUDE_IN_FRAMEWORK_HEADER = YES;
				CLANG_WARN_RANGE_LOOP_ANALYSIS = YES;
				CLANG_WARN_STRICT_PROTOTYPES = YES;
				CLANG_WARN_SUSPICIOUS_MOVE = YES;
				CLANG_WARN_UNGUARDED_AVAILABILITY = YES_AGGRESSIVE;
				CLANG_WARN_UNREACHABLE_CODE = YES;
				CLANG_WARN__DUPLICATE_METHOD_MATCH = YES;
				COPY_PHASE_STRIP = NO;
				DEBUG_INFORMATION_FORMAT = "dwarf-with-dsym";
				ENABLE_NS_ASSERTIONS = NO;
				ENABLE_STRICT_OBJC_MSGSEND = YES;
				GCC_C_LANGUAGE_STANDARD = gnu11;
				GCC_NO_COMMON_BLOCKS = YES;
				GCC_WARN_64_TO_32_BIT_CONVERSION = YES;
				GCC_WARN_ABOUT_RETURN_TYPE = YES_ERROR;
				GCC_WARN_UNDECLARED_SELECTOR = YES;
				GCC_WARN_UNINITIALIZED_AUTOS = YES_AGGRESSIVE;
				GCC_WARN_UNUSED_FUNCTION = YES;
				GCC_WARN_UNUSED_VARIABLE = YES;
				IPHONEOS_DEPLOYMENT_TARGET = 14.2;
				MTL_ENABLE_DEBUG_INFO = NO;
				MTL_FAST_MATH = YES;
				SDKROOT = iphoneos;
				SWIFT_COMPILATION_MODE = wholemodule;
				SWIFT_OPTIMIZATION_LEVEL = "-O";
				VALIDATE_PRODUCT = YES;
			};
			name = Release;
		};
		69ECF1B62534DC9900C7C834 /* Debug */ = {
			isa = XCBuildConfiguration;
			buildSettings = {
				ASSETCATALOG_COMPILER_APPICON_NAME = AppIcon;
				ASSETCATALOG_COMPILER_GLOBAL_ACCENT_COLOR_NAME = AccentColor;
				CODE_SIGN_STYLE = Automatic;
				DEVELOPMENT_ASSET_PATHS = "\"Mosquito Repellent/Preview Content\"";
				DEVELOPMENT_TEAM = U2PJV837D8;
				ENABLE_PREVIEWS = YES;
				INFOPLIST_FILE = "Mosquito Repellent/Info.plist";
				IPHONEOS_DEPLOYMENT_TARGET = 14.0;
				LD_RUNPATH_SEARCH_PATHS = (
					"$(inherited)",
					"@executable_path/Frameworks",
				);
				PRODUCT_BUNDLE_IDENTIFIER = "org.sperixlabs.Mosquito-Repellent";
				PRODUCT_NAME = "$(TARGET_NAME)";
				SWIFT_VERSION = 5.0;
				TARGETED_DEVICE_FAMILY = "1,2";
			};
			name = Debug;
		};
		69ECF1B72534DC9900C7C834 /* Release */ = {
			isa = XCBuildConfiguration;
			buildSettings = {
				ASSETCATALOG_COMPILER_APPICON_NAME = AppIcon;
				ASSETCATALOG_COMPILER_GLOBAL_ACCENT_COLOR_NAME = AccentColor;
				CODE_SIGN_STYLE = Automatic;
				DEVELOPMENT_ASSET_PATHS = "\"Mosquito Repellent/Preview Content\"";
				DEVELOPMENT_TEAM = U2PJV837D8;
				ENABLE_PREVIEWS = YES;
				INFOPLIST_FILE = "Mosquito Repellent/Info.plist";
				IPHONEOS_DEPLOYMENT_TARGET = 14.0;
				LD_RUNPATH_SEARCH_PATHS = (
					"$(inherited)",
					"@executable_path/Frameworks",
				);
				PRODUCT_BUNDLE_IDENTIFIER = "org.sperixlabs.Mosquito-Repellent";
				PRODUCT_NAME = "$(TARGET_NAME)";
				SWIFT_VERSION = 5.0;
				TARGETED_DEVICE_FAMILY = "1,2";
			};
			name = Release;
		};
/* End XCBuildConfiguration section */

/* Begin XCConfigurationList section */
		69ECF1A12534DC9300C7C834 /* Build configuration list for PBXProject "Mosquito Repellent" */ = {
			isa = XCConfigurationList;
			buildConfigurations = (
				69ECF1B32534DC9900C7C834 /* Debug */,
				69ECF1B42534DC9900C7C834 /* Release */,
			);
			defaultConfigurationIsVisible = 0;
			defaultConfigurationName = Release;
		};
		69ECF1B52534DC9900C7C834 /* Build configuration list for PBXNativeTarget "Mosquito Repellent" */ = {
			isa = XCConfigurationList;
			buildConfigurations = (
				69ECF1B62534DC9900C7C834 /* Debug */,
				69ECF1B72534DC9900C7C834 /* Release */,
			);
			defaultConfigurationIsVisible = 0;
			defaultConfigurationName = Release;
		};
/* End XCConfigurationList section */
	};
	rootObject = 69ECF19E2534DC9300C7C834 /* Project object */;
}
